// !$*UTF8*$!
{
	archiveVersion = 1;
	classes = {
	};
	objectVersion = 56;
	objects = {

/* Begin PBXBuildFile section */
		695EA40C2D5C0F7800D4FAAE /* middle-earth-3rd-age.png in Resources */ = {isa = PBXBuildFile; fileRef = 695EA40B2D5C0F7800D4FAAE /* middle-earth-3rd-age.png */; };
		695EA4102D5C425F00D4FAAE /* digital-ocean-logo.png in Resources */ = {isa = PBXBuildFile; fileRef = 695EA40F2D5C425F00D4FAAE /* digital-ocean-logo.png */; };
		695EA41C2D5D35DE00D4FAAE /* unicorn-logo.png in Resources */ = {isa = PBXBuildFile; fileRef = 695EA41B2D5D35DE00D4FAAE /* unicorn-logo.png */; };
		697530E32D6C284A005C58C7 /* LabeledIcon.swift in Sources */ = {isa = PBXBuildFile; fileRef = 697530E22D6C283B005C58C7 /* LabeledIcon.swift */; };
		697BF68F2D5A733500584D4F /* middle-earth-3rd-age_base.png in Resources */ = {isa = PBXBuildFile; fileRef = 697BF68E2D5A733500584D4F /* middle-earth-3rd-age_base.png */; };
		697BF6912D5A984000584D4F /* Animation.swift in Sources */ = {isa = PBXBuildFile; fileRef = 697BF6902D5A983D00584D4F /* Animation.swift */; };
		697BF6932D5A986300584D4F /* DeployJourneyAnimation.swift in Sources */ = {isa = PBXBuildFile; fileRef = 697BF6922D5A985E00584D4F /* DeployJourneyAnimation.swift */; };
		698895A52D6C3D8200F27A13 /* middle-earth-map-re-color.png in Resources */ = {isa = PBXBuildFile; fileRef = 698895A42D6C3D8200F27A13 /* middle-earth-map-re-color.png */; };
		698895A72D6C405800F27A13 /* middle-earth-original-journey.png in Resources */ = {isa = PBXBuildFile; fileRef = 698895A62D6C405800F27A13 /* middle-earth-original-journey.png */; };
		69B6677C2D6D3ECF006C555D /* ruby-logo.png in Resources */ = {isa = PBXBuildFile; fileRef = 69B6677B2D6D3ECF006C555D /* ruby-logo.png */; };
		69B6677E2D6D6C34006C555D /* certbot-logo.png in Resources */ = {isa = PBXBuildFile; fileRef = 69B6677D2D6D6C34006C555D /* certbot-logo.png */; };
		69B667822D6E3431006C555D /* ssh-console.png in Resources */ = {isa = PBXBuildFile; fileRef = 69B667812D6E3431006C555D /* ssh-console.png */; };
		69E61E0A2D68399900782774 /* FloatingLabelData.swift in Sources */ = {isa = PBXBuildFile; fileRef = 69E61E092D68398D00782774 /* FloatingLabelData.swift */; };
		69F5286D2D5FF70B0055EC86 /* CustomDashedSpline.swift in Sources */ = {isa = PBXBuildFile; fileRef = 69F5286C2D5FF7080055EC86 /* CustomDashedSpline.swift */; };
		69F5286F2D613ED00055EC86 /* CustomFloatingLabel.swift in Sources */ = {isa = PBXBuildFile; fileRef = 69F5286E2D613EB70055EC86 /* CustomFloatingLabel.swift */; };
		69F73AD72D92518D00B68873 /* mina-deploy.png in Resources */ = {isa = PBXBuildFile; fileRef = 69F73AD62D92518D00B68873 /* mina-deploy.png */; };
		69F73AD92D92544900B68873 /* postgres-logo.png in Resources */ = {isa = PBXBuildFile; fileRef = 69F73AD82D92544900B68873 /* postgres-logo.png */; };
		69F94F052D5EA46D00AA9E21 /* nginx_logo_dark.png in Resources */ = {isa = PBXBuildFile; fileRef = 69F94F042D5EA46D00AA9E21 /* nginx_logo_dark.png */; };
		92C984DF2B2BC54000EE45EC /* AppDelegate.swift in Sources */ = {isa = PBXBuildFile; fileRef = 92C984DE2B2BC54000EE45EC /* AppDelegate.swift */; };
		92C984E12B2BC54000EE45EC /* AnimationScene.sks in Resources */ = {isa = PBXBuildFile; fileRef = 92C984E02B2BC54000EE45EC /* AnimationScene.sks */; };
		92C984E32B2BC54000EE45EC /* Actions.sks in Resources */ = {isa = PBXBuildFile; fileRef = 92C984E22B2BC54000EE45EC /* Actions.sks */; };
		92C984E52B2BC54000EE45EC /* AnimationScene.swift in Sources */ = {isa = PBXBuildFile; fileRef = 92C984E42B2BC54000EE45EC /* AnimationScene.swift */; };
		92C984E72B2BC54000EE45EC /* ViewController.swift in Sources */ = {isa = PBXBuildFile; fileRef = 92C984E62B2BC54000EE45EC /* ViewController.swift */; };
		92C984E92B2BC54300EE45EC /* Assets.xcassets in Resources */ = {isa = PBXBuildFile; fileRef = 92C984E82B2BC54300EE45EC /* Assets.xcassets */; };
		92C984EC2B2BC54300EE45EC /* Main.storyboard in Resources */ = {isa = PBXBuildFile; fileRef = 92C984EA2B2BC54300EE45EC /* Main.storyboard */; };
		92C984F42B2BCB6F00EE45EC /* FrameMathHelpers.swift in Sources */ = {isa = PBXBuildFile; fileRef = 92C984F32B2BCB6F00EE45EC /* FrameMathHelpers.swift */; };
		92C984FE2B2C247600EE45EC /* KeyboardManager.swift in Sources */ = {isa = PBXBuildFile; fileRef = 92C984FD2B2C247600EE45EC /* KeyboardManager.swift */; };
/* End PBXBuildFile section */

/* Begin PBXFileReference section */
		695EA40B2D5C0F7800D4FAAE /* middle-earth-3rd-age.png */ = {isa = PBXFileReference; lastKnownFileType = image.png; path = "middle-earth-3rd-age.png"; sourceTree = "<group>"; };
		695EA40F2D5C425F00D4FAAE /* digital-ocean-logo.png */ = {isa = PBXFileReference; lastKnownFileType = image.png; path = "digital-ocean-logo.png"; sourceTree = "<group>"; };
		695EA41B2D5D35DE00D4FAAE /* unicorn-logo.png */ = {isa = PBXFileReference; lastKnownFileType = image.png; path = "unicorn-logo.png"; sourceTree = "<group>"; };
		697530E22D6C283B005C58C7 /* LabeledIcon.swift */ = {isa = PBXFileReference; lastKnownFileType = sourcecode.swift; path = LabeledIcon.swift; sourceTree = "<group>"; };
		697BF68E2D5A733500584D4F /* middle-earth-3rd-age_base.png */ = {isa = PBXFileReference; lastKnownFileType = image.png; path = "middle-earth-3rd-age_base.png"; sourceTree = "<group>"; };
		697BF6902D5A983D00584D4F /* Animation.swift */ = {isa = PBXFileReference; lastKnownFileType = sourcecode.swift; path = Animation.swift; sourceTree = "<group>"; };
		697BF6922D5A985E00584D4F /* DeployJourneyAnimation.swift */ = {isa = PBXFileReference; lastKnownFileType = sourcecode.swift; path = DeployJourneyAnimation.swift; sourceTree = "<group>"; };
		698895A42D6C3D8200F27A13 /* middle-earth-map-re-color.png */ = {isa = PBXFileReference; lastKnownFileType = image.png; path = "middle-earth-map-re-color.png"; sourceTree = "<group>"; };
		698895A62D6C405800F27A13 /* middle-earth-original-journey.png */ = {isa = PBXFileReference; lastKnownFileType = image.png; path = "middle-earth-original-journey.png"; sourceTree = "<group>"; };
		69B6677B2D6D3ECF006C555D /* ruby-logo.png */ = {isa = PBXFileReference; lastKnownFileType = image.png; path = "ruby-logo.png"; sourceTree = "<group>"; };
		69B6677D2D6D6C34006C555D /* certbot-logo.png */ = {isa = PBXFileReference; lastKnownFileType = image.png; path = "certbot-logo.png"; sourceTree = "<group>"; };
		69B667812D6E3431006C555D /* ssh-console.png */ = {isa = PBXFileReference; lastKnownFileType = image.png; path = "ssh-console.png"; sourceTree = "<group>"; };
		69E61E092D68398D00782774 /* FloatingLabelData.swift */ = {isa = PBXFileReference; lastKnownFileType = sourcecode.swift; path = FloatingLabelData.swift; sourceTree = "<group>"; };
		69F5286C2D5FF7080055EC86 /* CustomDashedSpline.swift */ = {isa = PBXFileReference; lastKnownFileType = sourcecode.swift; path = CustomDashedSpline.swift; sourceTree = "<group>"; };
		69F5286E2D613EB70055EC86 /* CustomFloatingLabel.swift */ = {isa = PBXFileReference; lastKnownFileType = sourcecode.swift; path = CustomFloatingLabel.swift; sourceTree = "<group>"; };
		69F73AD62D92518D00B68873 /* mina-deploy.png */ = {isa = PBXFileReference; lastKnownFileType = image.png; path = "mina-deploy.png"; sourceTree = "<group>"; };
		69F73AD82D92544900B68873 /* postgres-logo.png */ = {isa = PBXFileReference; lastKnownFileType = image.png; path = "postgres-logo.png"; sourceTree = "<group>"; };
		69F94F042D5EA46D00AA9E21 /* nginx_logo_dark.png */ = {isa = PBXFileReference; lastKnownFileType = image.png; path = nginx_logo_dark.png; sourceTree = "<group>"; };
		92C984DB2B2BC54000EE45EC /* Animations-Demo.app */ = {isa = PBXFileReference; explicitFileType = wrapper.application; includeInIndex = 0; path = "Animations-Demo.app"; sourceTree = BUILT_PRODUCTS_DIR; };
		92C984DE2B2BC54000EE45EC /* AppDelegate.swift */ = {isa = PBXFileReference; lastKnownFileType = sourcecode.swift; path = AppDelegate.swift; sourceTree = "<group>"; };
		92C984E02B2BC54000EE45EC /* AnimationScene.sks */ = {isa = PBXFileReference; lastKnownFileType = file.sks; path = AnimationScene.sks; sourceTree = "<group>"; };
		92C984E22B2BC54000EE45EC /* Actions.sks */ = {isa = PBXFileReference; lastKnownFileType = file.sks; path = Actions.sks; sourceTree = "<group>"; };
		92C984E42B2BC54000EE45EC /* AnimationScene.swift */ = {isa = PBXFileReference; lastKnownFileType = sourcecode.swift; path = AnimationScene.swift; sourceTree = "<group>"; };
		92C984E62B2BC54000EE45EC /* ViewController.swift */ = {isa = PBXFileReference; lastKnownFileType = sourcecode.swift; path = ViewController.swift; sourceTree = "<group>"; };
		92C984E82B2BC54300EE45EC /* Assets.xcassets */ = {isa = PBXFileReference; lastKnownFileType = folder.assetcatalog; path = Assets.xcassets; sourceTree = "<group>"; };
		92C984EB2B2BC54300EE45EC /* Base */ = {isa = PBXFileReference; lastKnownFileType = file.storyboard; name = Base; path = Base.lproj/Main.storyboard; sourceTree = "<group>"; };
		92C984ED2B2BC54300EE45EC /* Animations_Demo.entitlements */ = {isa = PBXFileReference; lastKnownFileType = text.plist.entitlements; path = Animations_Demo.entitlements; sourceTree = "<group>"; };
		92C984F32B2BCB6F00EE45EC /* FrameMathHelpers.swift */ = {isa = PBXFileReference; lastKnownFileType = sourcecode.swift; path = FrameMathHelpers.swift; sourceTree = "<group>"; };
		92C984FD2B2C247600EE45EC /* KeyboardManager.swift */ = {isa = PBXFileReference; lastKnownFileType = sourcecode.swift; path = KeyboardManager.swift; sourceTree = "<group>"; };
/* End PBXFileReference section */

/* Begin PBXFrameworksBuildPhase section */
		92C984D82B2BC54000EE45EC /* Frameworks */ = {
			isa = PBXFrameworksBuildPhase;
			buildActionMask = 2147483647;
			files = (
			);
			runOnlyForDeploymentPostprocessing = 0;
		};
/* End PBXFrameworksBuildPhase section */

/* Begin PBXGroup section */
		69E61E082D68398000782774 /* Animations */ = {
			isa = PBXGroup;
			children = (
				69E61E092D68398D00782774 /* FloatingLabelData.swift */,
				697BF6922D5A985E00584D4F /* DeployJourneyAnimation.swift */,
			);
			path = Animations;
			sourceTree = "<group>";
		};
		9229DE3A2B730AAE00BB60D6 /* res */ = {
			isa = PBXGroup;
			children = (
				69B6677D2D6D6C34006C555D /* certbot-logo.png */,
				69B6677B2D6D3ECF006C555D /* ruby-logo.png */,
				698895A42D6C3D8200F27A13 /* middle-earth-map-re-color.png */,
				69F73AD82D92544900B68873 /* postgres-logo.png */,
				69B667812D6E3431006C555D /* ssh-console.png */,
				69F94F042D5EA46D00AA9E21 /* nginx_logo_dark.png */,
				695EA41B2D5D35DE00D4FAAE /* unicorn-logo.png */,
				69F73AD62D92518D00B68873 /* mina-deploy.png */,
				695EA40F2D5C425F00D4FAAE /* digital-ocean-logo.png */,
				695EA40B2D5C0F7800D4FAAE /* middle-earth-3rd-age.png */,
				697BF68E2D5A733500584D4F /* middle-earth-3rd-age_base.png */,
				698895A62D6C405800F27A13 /* middle-earth-original-journey.png */,
			);
			path = res;
			sourceTree = "<group>";
		};
		92C984D22B2BC54000EE45EC = {
			isa = PBXGroup;
			children = (
				92C984DD2B2BC54000EE45EC /* Animations-Demo */,
				92C984DC2B2BC54000EE45EC /* Products */,
			);
			sourceTree = "<group>";
		};
		92C984DC2B2BC54000EE45EC /* Products */ = {
			isa = PBXGroup;
			children = (
				92C984DB2B2BC54000EE45EC /* Animations-Demo.app */,
			);
			name = Products;
			sourceTree = "<group>";
		};
		92C984DD2B2BC54000EE45EC /* Animations-Demo */ = {
			isa = PBXGroup;
			children = (
				69E61E082D68398000782774 /* Animations */,
				9229DE3A2B730AAE00BB60D6 /* res */,
				92C9850B2B2EA37A00EE45EC /* ManagersHelpers */,
				92C985092B2EA34700EE45EC /* CustomNodes */,
				92C984DE2B2BC54000EE45EC /* AppDelegate.swift */,
				92C984E02B2BC54000EE45EC /* AnimationScene.sks */,
				92C984E22B2BC54000EE45EC /* Actions.sks */,
				92C984E62B2BC54000EE45EC /* ViewController.swift */,
				92C984E42B2BC54000EE45EC /* AnimationScene.swift */,
				92C984E82B2BC54300EE45EC /* Assets.xcassets */,
				92C984EA2B2BC54300EE45EC /* Main.storyboard */,
				92C984ED2B2BC54300EE45EC /* Animations_Demo.entitlements */,
			);
			path = "Animations-Demo";
			sourceTree = "<group>";
		};
		92C985092B2EA34700EE45EC /* CustomNodes */ = {
			isa = PBXGroup;
			children = (
				697530E22D6C283B005C58C7 /* LabeledIcon.swift */,
				69F5286E2D613EB70055EC86 /* CustomFloatingLabel.swift */,
				69F5286C2D5FF7080055EC86 /* CustomDashedSpline.swift */,
			);
			path = CustomNodes;
			sourceTree = "<group>";
		};
		92C9850B2B2EA37A00EE45EC /* ManagersHelpers */ = {
			isa = PBXGroup;
			children = (
				697BF6902D5A983D00584D4F /* Animation.swift */,
				92C984FD2B2C247600EE45EC /* KeyboardManager.swift */,
				92C984F32B2BCB6F00EE45EC /* FrameMathHelpers.swift */,
			);
			path = ManagersHelpers;
			sourceTree = "<group>";
		};
/* End PBXGroup section */

/* Begin PBXNativeTarget section */
		92C984DA2B2BC54000EE45EC /* Animations-Demo */ = {
			isa = PBXNativeTarget;
			buildConfigurationList = 92C984F02B2BC54300EE45EC /* Build configuration list for PBXNativeTarget "Animations-Demo" */;
			buildPhases = (
				92C984D72B2BC54000EE45EC /* Sources */,
				92C984D82B2BC54000EE45EC /* Frameworks */,
				92C984D92B2BC54000EE45EC /* Resources */,
			);
			buildRules = (
			);
			dependencies = (
			);
			name = "Animations-Demo";
			productName = "Animations-Demo";
			productReference = 92C984DB2B2BC54000EE45EC /* Animations-Demo.app */;
			productType = "com.apple.product-type.application";
		};
/* End PBXNativeTarget section */

/* Begin PBXProject section */
		92C984D32B2BC54000EE45EC /* Project object */ = {
			isa = PBXProject;
			attributes = {
				BuildIndependentTargetsInParallel = 1;
				LastSwiftUpdateCheck = 1500;
				LastUpgradeCheck = 1500;
				TargetAttributes = {
					92C984DA2B2BC54000EE45EC = {
						CreatedOnToolsVersion = 15.0.1;
					};
				};
			};
			buildConfigurationList = 92C984D62B2BC54000EE45EC /* Build configuration list for PBXProject "Animations-Demo" */;
			compatibilityVersion = "Xcode 14.0";
			developmentRegion = en;
			hasScannedForEncodings = 0;
			knownRegions = (
				en,
				Base,
			);
			mainGroup = 92C984D22B2BC54000EE45EC;
			productRefGroup = 92C984DC2B2BC54000EE45EC /* Products */;
			projectDirPath = "";
			projectRoot = "";
			targets = (
				92C984DA2B2BC54000EE45EC /* Animations-Demo */,
			);
		};
/* End PBXProject section */

/* Begin PBXResourcesBuildPhase section */
		92C984D92B2BC54000EE45EC /* Resources */ = {
			isa = PBXResourcesBuildPhase;
			buildActionMask = 2147483647;
			files = (
				698895A72D6C405800F27A13 /* middle-earth-original-journey.png in Resources */,
				69F94F052D5EA46D00AA9E21 /* nginx_logo_dark.png in Resources */,
				69B667822D6E3431006C555D /* ssh-console.png in Resources */,
				69F73AD72D92518D00B68873 /* mina-deploy.png in Resources */,
				92C984E12B2BC54000EE45EC /* AnimationScene.sks in Resources */,
				92C984E92B2BC54300EE45EC /* Assets.xcassets in Resources */,
				697BF68F2D5A733500584D4F /* middle-earth-3rd-age_base.png in Resources */,
				69B6677C2D6D3ECF006C555D /* ruby-logo.png in Resources */,
				695EA4102D5C425F00D4FAAE /* digital-ocean-logo.png in Resources */,
				69F73AD92D92544900B68873 /* postgres-logo.png in Resources */,
				698895A52D6C3D8200F27A13 /* middle-earth-map-re-color.png in Resources */,
				92C984E32B2BC54000EE45EC /* Actions.sks in Resources */,
				695EA40C2D5C0F7800D4FAAE /* middle-earth-3rd-age.png in Resources */,
				92C984EC2B2BC54300EE45EC /* Main.storyboard in Resources */,
				69B6677E2D6D6C34006C555D /* certbot-logo.png in Resources */,
				695EA41C2D5D35DE00D4FAAE /* unicorn-logo.png in Resources */,
			);
			runOnlyForDeploymentPostprocessing = 0;
		};
/* End PBXResourcesBuildPhase section */

/* Begin PBXSourcesBuildPhase section */
		92C984D72B2BC54000EE45EC /* Sources */ = {
			isa = PBXSourcesBuildPhase;
			buildActionMask = 2147483647;
			files = (
				92C984E72B2BC54000EE45EC /* ViewController.swift in Sources */,
				92C984E52B2BC54000EE45EC /* AnimationScene.swift in Sources */,
				92C984DF2B2BC54000EE45EC /* AppDelegate.swift in Sources */,
				697BF6912D5A984000584D4F /* Animation.swift in Sources */,
				697BF6932D5A986300584D4F /* DeployJourneyAnimation.swift in Sources */,
				697530E32D6C284A005C58C7 /* LabeledIcon.swift in Sources */,
				69F5286F2D613ED00055EC86 /* CustomFloatingLabel.swift in Sources */,
				69E61E0A2D68399900782774 /* FloatingLabelData.swift in Sources */,
				69F5286D2D5FF70B0055EC86 /* CustomDashedSpline.swift in Sources */,
				92C984FE2B2C247600EE45EC /* KeyboardManager.swift in Sources */,
				92C984F42B2BCB6F00EE45EC /* FrameMathHelpers.swift in Sources */,
			);
			runOnlyForDeploymentPostprocessing = 0;
		};
/* End PBXSourcesBuildPhase section */

/* Begin PBXVariantGroup section */
		92C984EA2B2BC54300EE45EC /* Main.storyboard */ = {
			isa = PBXVariantGroup;
			children = (
				92C984EB2B2BC54300EE45EC /* Base */,
			);
			name = Main.storyboard;
			sourceTree = "<group>";
		};
/* End PBXVariantGroup section */

/* Begin XCBuildConfiguration section */
		92C984EE2B2BC54300EE45EC /* Debug */ = {
			isa = XCBuildConfiguration;
			buildSettings = {
				ALWAYS_SEARCH_USER_PATHS = NO;
				ASSETCATALOG_COMPILER_GENERATE_SWIFT_ASSET_SYMBOL_EXTENSIONS = YES;
				CLANG_ANALYZER_NONNULL = YES;
				CLANG_ANALYZER_NUMBER_OBJECT_CONVERSION = YES_AGGRESSIVE;
				CLANG_CXX_LANGUAGE_STANDARD = "gnu++20";
				CLANG_ENABLE_MODULES = YES;
				CLANG_ENABLE_OBJC_ARC = YES;
				CLANG_ENABLE_OBJC_WEAK = YES;
				CLANG_WARN_BLOCK_CAPTURE_AUTORELEASING = YES;
				CLANG_WARN_BOOL_CONVERSION = YES;
				CLANG_WARN_COMMA = YES;
				CLANG_WARN_CONSTANT_CONVERSION = YES;
				CLANG_WARN_DEPRECATED_OBJC_IMPLEMENTATIONS = YES;
				CLANG_WARN_DIRECT_OBJC_ISA_USAGE = YES_ERROR;
				CLANG_WARN_DOCUMENTATION_COMMENTS = YES;
				CLANG_WARN_EMPTY_BODY = YES;
				CLANG_WARN_ENUM_CONVERSION = YES;
				CLANG_WARN_INFINITE_RECURSION = YES;
				CLANG_WARN_INT_CONVERSION = YES;
				CLANG_WARN_NON_LITERAL_NULL_CONVERSION = YES;
				CLANG_WARN_OBJC_IMPLICIT_RETAIN_SELF = YES;
				CLANG_WARN_OBJC_LITERAL_CONVERSION = YES;
				CLANG_WARN_OBJC_ROOT_CLASS = YES_ERROR;
				CLANG_WARN_QUOTED_INCLUDE_IN_FRAMEWORK_HEADER = YES;
				CLANG_WARN_RANGE_LOOP_ANALYSIS = YES;
				CLANG_WARN_STRICT_PROTOTYPES = YES;
				CLANG_WARN_SUSPICIOUS_MOVE = YES;
				CLANG_WARN_UNGUARDED_AVAILABILITY = YES_AGGRESSIVE;
				CLANG_WARN_UNREACHABLE_CODE = YES;
				CLANG_WARN__DUPLICATE_METHOD_MATCH = YES;
				COPY_PHASE_STRIP = NO;
				DEBUG_INFORMATION_FORMAT = dwarf;
				ENABLE_STRICT_OBJC_MSGSEND = YES;
				ENABLE_TESTABILITY = YES;
				ENABLE_USER_SCRIPT_SANDBOXING = YES;
				GCC_C_LANGUAGE_STANDARD = gnu17;
				GCC_DYNAMIC_NO_PIC = NO;
				GCC_NO_COMMON_BLOCKS = YES;
				GCC_OPTIMIZATION_LEVEL = 0;
				GCC_PREPROCESSOR_DEFINITIONS = (
					"DEBUG=1",
					"$(inherited)",
				);
				GCC_WARN_64_TO_32_BIT_CONVERSION = YES;
				GCC_WARN_ABOUT_RETURN_TYPE = YES_ERROR;
				GCC_WARN_UNDECLARED_SELECTOR = YES;
				GCC_WARN_UNINITIALIZED_AUTOS = YES_AGGRESSIVE;
				GCC_WARN_UNUSED_FUNCTION = YES;
				GCC_WARN_UNUSED_VARIABLE = YES;
				LOCALIZATION_PREFERS_STRING_CATALOGS = YES;
				MACOSX_DEPLOYMENT_TARGET = 14.0;
				MTL_ENABLE_DEBUG_INFO = INCLUDE_SOURCE;
				MTL_FAST_MATH = YES;
				ONLY_ACTIVE_ARCH = YES;
				SDKROOT = macosx;
				SWIFT_ACTIVE_COMPILATION_CONDITIONS = "DEBUG $(inherited)";
				SWIFT_OPTIMIZATION_LEVEL = "-Onone";
			};
			name = Debug;
		};
		92C984EF2B2BC54300EE45EC /* Release */ = {
			isa = XCBuildConfiguration;
			buildSettings = {
				ALWAYS_SEARCH_USER_PATHS = NO;
				ASSETCATALOG_COMPILER_GENERATE_SWIFT_ASSET_SYMBOL_EXTENSIONS = YES;
				CLANG_ANALYZER_NONNULL = YES;
				CLANG_ANALYZER_NUMBER_OBJECT_CONVERSION = YES_AGGRESSIVE;
				CLANG_CXX_LANGUAGE_STANDARD = "gnu++20";
				CLANG_ENABLE_MODULES = YES;
				CLANG_ENABLE_OBJC_ARC = YES;
				CLANG_ENABLE_OBJC_WEAK = YES;
				CLANG_WARN_BLOCK_CAPTURE_AUTORELEASING = YES;
				CLANG_WARN_BOOL_CONVERSION = YES;
				CLANG_WARN_COMMA = YES;
				CLANG_WARN_CONSTANT_CONVERSION = YES;
				CLANG_WARN_DEPRECATED_OBJC_IMPLEMENTATIONS = YES;
				CLANG_WARN_DIRECT_OBJC_ISA_USAGE = YES_ERROR;
				CLANG_WARN_DOCUMENTATION_COMMENTS = YES;
				CLANG_WARN_EMPTY_BODY = YES;
				CLANG_WARN_ENUM_CONVERSION = YES;
				CLANG_WARN_INFINITE_RECURSION = YES;
				CLANG_WARN_INT_CONVERSION = YES;
				CLANG_WARN_NON_LITERAL_NULL_CONVERSION = YES;
				CLANG_WARN_OBJC_IMPLICIT_RETAIN_SELF = YES;
				CLANG_WARN_OBJC_LITERAL_CONVERSION = YES;
				CLANG_WARN_OBJC_ROOT_CLASS = YES_ERROR;
				CLANG_WARN_QUOTED_INCLUDE_IN_FRAMEWORK_HEADER = YES;
				CLANG_WARN_RANGE_LOOP_ANALYSIS = YES;
				CLANG_WARN_STRICT_PROTOTYPES = YES;
				CLANG_WARN_SUSPICIOUS_MOVE = YES;
				CLANG_WARN_UNGUARDED_AVAILABILITY = YES_AGGRESSIVE;
				CLANG_WARN_UNREACHABLE_CODE = YES;
				CLANG_WARN__DUPLICATE_METHOD_MATCH = YES;
				COPY_PHASE_STRIP = NO;
				DEBUG_INFORMATION_FORMAT = "dwarf-with-dsym";
				ENABLE_NS_ASSERTIONS = NO;
				ENABLE_STRICT_OBJC_MSGSEND = YES;
				ENABLE_USER_SCRIPT_SANDBOXING = YES;
				GCC_C_LANGUAGE_STANDARD = gnu17;
				GCC_NO_COMMON_BLOCKS = YES;
				GCC_WARN_64_TO_32_BIT_CONVERSION = YES;
				GCC_WARN_ABOUT_RETURN_TYPE = YES_ERROR;
				GCC_WARN_UNDECLARED_SELECTOR = YES;
				GCC_WARN_UNINITIALIZED_AUTOS = YES_AGGRESSIVE;
				GCC_WARN_UNUSED_FUNCTION = YES;
				GCC_WARN_UNUSED_VARIABLE = YES;
				LOCALIZATION_PREFERS_STRING_CATALOGS = YES;
				MACOSX_DEPLOYMENT_TARGET = 14.0;
				MTL_ENABLE_DEBUG_INFO = NO;
				MTL_FAST_MATH = YES;
				SDKROOT = macosx;
				SWIFT_COMPILATION_MODE = wholemodule;
			};
			name = Release;
		};
		92C984F12B2BC54300EE45EC /* Debug */ = {
			isa = XCBuildConfiguration;
			buildSettings = {
				ASSETCATALOG_COMPILER_APPICON_NAME = AppIcon;
				ASSETCATALOG_COMPILER_GLOBAL_ACCENT_COLOR_NAME = AccentColor;
				CODE_SIGN_ENTITLEMENTS = "Animations-Demo/Animations_Demo.entitlements";
				CODE_SIGN_STYLE = Automatic;
				COMBINE_HIDPI_IMAGES = YES;
				CURRENT_PROJECT_VERSION = 1;
				DEVELOPMENT_TEAM = BG774WWHGB;
				ENABLE_HARDENED_RUNTIME = YES;
				GENERATE_INFOPLIST_FILE = YES;
				INFOPLIST_KEY_NSHumanReadableCopyright = "";
				INFOPLIST_KEY_NSMainStoryboardFile = Main;
				INFOPLIST_KEY_NSPrincipalClass = NSApplication;
				LD_RUNPATH_SEARCH_PATHS = (
					"$(inherited)",
					"@executable_path/../Frameworks",
				);
				MARKETING_VERSION = 1.0;
				PRODUCT_BUNDLE_IDENTIFIER = "sebde.Animations-Demo";
				PRODUCT_NAME = "$(TARGET_NAME)";
				SWIFT_EMIT_LOC_STRINGS = YES;
				SWIFT_VERSION = 5.0;
			};
			name = Debug;
		};
		92C984F22B2BC54300EE45EC /* Release */ = {
			isa = XCBuildConfiguration;
			buildSettings = {
				ASSETCATALOG_COMPILER_APPICON_NAME = AppIcon;
				ASSETCATALOG_COMPILER_GLOBAL_ACCENT_COLOR_NAME = AccentColor;
				CODE_SIGN_ENTITLEMENTS = "Animations-Demo/Animations_Demo.entitlements";
				CODE_SIGN_STYLE = Automatic;
				COMBINE_HIDPI_IMAGES = YES;
				CURRENT_PROJECT_VERSION = 1;
				DEVELOPMENT_TEAM = BG774WWHGB;
				ENABLE_HARDENED_RUNTIME = YES;
				GENERATE_INFOPLIST_FILE = YES;
				INFOPLIST_KEY_NSHumanReadableCopyright = "";
				INFOPLIST_KEY_NSMainStoryboardFile = Main;
				INFOPLIST_KEY_NSPrincipalClass = NSApplication;
				LD_RUNPATH_SEARCH_PATHS = (
					"$(inherited)",
					"@executable_path/../Frameworks",
				);
				MARKETING_VERSION = 1.0;
				PRODUCT_BUNDLE_IDENTIFIER = "sebde.Animations-Demo";
				PRODUCT_NAME = "$(TARGET_NAME)";
				SWIFT_EMIT_LOC_STRINGS = YES;
				SWIFT_VERSION = 5.0;
			};
			name = Release;
		};
/* End XCBuildConfiguration section */

/* Begin XCConfigurationList section */
		92C984D62B2BC54000EE45EC /* Build configuration list for PBXProject "Animations-Demo" */ = {
			isa = XCConfigurationList;
			buildConfigurations = (
				92C984EE2B2BC54300EE45EC /* Debug */,
				92C984EF2B2BC54300EE45EC /* Release */,
			);
			defaultConfigurationIsVisible = 0;
			defaultConfigurationName = Release;
		};
		92C984F02B2BC54300EE45EC /* Build configuration list for PBXNativeTarget "Animations-Demo" */ = {
			isa = XCConfigurationList;
			buildConfigurations = (
				92C984F12B2BC54300EE45EC /* Debug */,
				92C984F22B2BC54300EE45EC /* Release */,
			);
			defaultConfigurationIsVisible = 0;
			defaultConfigurationName = Release;
		};
/* End XCConfigurationList section */
	};
	rootObject = 92C984D32B2BC54000EE45EC /* Project object */;
}
